
Microsoft Visual Studio Solution File, Format Version 12.00
# Visual Studio Version 16
VisualStudioVersion = 16.0.28803.202
MinimumVisualStudioVersion = 10.0.40219.1
Project("{FAE04EC0-301F-11D3-BF4B-00C04F79EFBC}") = "WindowsFormsApp11", "WindowsFormsApp11.csproj", "{6BB7214C-161D-4CDB-9C16-E19F44B2F151}"
EndProject
Global
	GlobalSection(SolutionConfigurationPlatforms) = preSolution
		Debug|Any CPU = Debug|Any CPU
		Release|Any CPU = Release|Any CPU
	EndGlobalSection
	GlobalSection(ProjectConfigurationPlatforms) = postSolution
		{6BB7214C-161D-4CDB-9C16-E19F44B2F151}.Debug|Any CPU.ActiveCfg = Debug|Any CPU
		{6BB7214C-161D-4CDB-9C16-E19F44B2F151}.Debug|Any CPU.Build.0 = Debug|Any CPU
		{6BB7214C-161D-4CDB-9C16-E19F44B2F151}.Release|Any CPU.ActiveCfg = Release|Any CPU
		{6BB7214C-161D-4CDB-9C16-E19F44B2F151}.Release|Any CPU.Build.0 = Release|Any CPU
	EndGlobalSection
	GlobalSection(SolutionProperties) = preSolution
		HideSolutionNode = FALSE
	EndGlobalSection
	GlobalSection(ExtensibilityGlobals) = postSolution
		SolutionGuid = {D36F4C49-A490-4B35-A63D-6949DD174C42}
	EndGlobalSection
EndGlobal
